
Microsoft Visual Studio Solution File, Format Version 12.00
# Visual Studio Version 17
VisualStudioVersion = 17.5.002.0
MinimumVisualStudioVersion = 10.0.40219.1
Project("{9A19103F-16F7-4668-BE54-9A1E7A4F7556}") = "Program", "Program.csproj", "{298CC15A-A64E-431F-9363-CB20A1647807}"
EndProject
Global
	GlobalSection(SolutionConfigurationPlatforms) = preSolution
		Debug|Any CPU = Debug|Any CPU
		Release|Any CPU = Release|Any CPU
	EndGlobalSection
	GlobalSection(ProjectConfigurationPlatforms) = postSolution
		{298CC15A-A64E-431F-9363-CB20A1647807}.Debug|Any CPU.ActiveCfg = Debug|Any CPU
		{298CC15A-A64E-431F-9363-CB20A1647807}.Debug|Any CPU.Build.0 = Debug|Any CPU
		{298CC15A-A64E-431F-9363-CB20A1647807}.Release|Any CPU.ActiveCfg = Release|Any CPU
		{298CC15A-A64E-431F-9363-CB20A1647807}.Release|Any CPU.Build.0 = Release|Any CPU
	EndGlobalSection
	GlobalSection(SolutionProperties) = preSolution
		HideSolutionNode = FALSE
	EndGlobalSection
	GlobalSection(ExtensibilityGlobals) = postSolution
		SolutionGuid = {A2314CB3-6A45-4095-BEC7-C493D66E326F}
	EndGlobalSection
EndGlobal
